Microsoft Visual Studio Solution File, Format Version 12.00
# Visual Studio Version 17
VisualStudioVersion = 17.5.2.0
MinimumVisualStudioVersion = 10.0.40219.1
Project("{FAE04EC0-301F-11D3-BF4B-00C04F79EFBC}") = "Leap Year", "Leap Year.csproj", "{7F39785A-471B-C508-56D0-71B5209270F8}"
EndProject
Global
	GlobalSection(SolutionConfigurationPlatforms) = preSolution
		Debug|Any CPU = Debug|Any CPU
		Release|Any CPU = Release|Any CPU
	EndGlobalSection
	GlobalSection(ProjectConfigurationPlatforms) = postSolution
		{7F39785A-471B-C508-56D0-71B5209270F8}.Debug|Any CPU.ActiveCfg = Debug|Any CPU
		{7F39785A-471B-C508-56D0-71B5209270F8}.Debug|Any CPU.Build.0 = Debug|Any CPU
		{7F39785A-471B-C508-56D0-71B5209270F8}.Release|Any CPU.ActiveCfg = Release|Any CPU
		{7F39785A-471B-C508-56D0-71B5209270F8}.Release|Any CPU.Build.0 = Release|Any CPU
	EndGlobalSection
	GlobalSection(SolutionProperties) = preSolution
		HideSolutionNode = FALSE
	EndGlobalSection
	GlobalSection(ExtensibilityGlobals) = postSolution
		SolutionGuid = {FAAD8FDA-D63E-4F50-A463-CC40B6F8FEE7}
	EndGlobalSection
EndGlobal
